
Microsoft Visual Studio Solution File, Format Version 12.00
# Visual Studio Version 17
VisualStudioVersion = 17.9.34728.123
MinimumVisualStudioVersion = 10.0.40219.1
Project("{888888A0-9F3D-457C-B088-3A5042F75D52}") = "修饰器模式", "修饰器模式\修饰器模式.pyproj", "{52EE8B43-0F3D-4DE1-A98E-E4E4EACBF041}"
EndProject
Global
	GlobalSection(SolutionConfigurationPlatforms) = preSolution
		Debug|Any CPU = Debug|Any CPU
		Release|Any CPU = Release|Any CPU
	EndGlobalSection
	GlobalSection(ProjectConfigurationPlatforms) = postSolution
		{52EE8B43-0F3D-4DE1-A98E-E4E4EACBF041}.Debug|Any CPU.ActiveCfg = Debug|Any CPU
		{52EE8B43-0F3D-4DE1-A98E-E4E4EACBF041}.Release|Any CPU.ActiveCfg = Release|Any CPU
	EndGlobalSection
	GlobalSection(SolutionProperties) = preSolution
		HideSolutionNode = FALSE
	EndGlobalSection
	GlobalSection(ExtensibilityGlobals) = postSolution
		SolutionGuid = {E5E68FC5-53C2-4F2D-8C06-D083DC5A4BE0}
	EndGlobalSection
EndGlobal
