
Microsoft Visual Studio Solution File, Format Version 12.00
# Visual Studio Version 17
VisualStudioVersion = 17.9.34728.123
MinimumVisualStudioVersion = 10.0.40219.1
Project("{888888A0-9F3D-457C-B088-3A5042F75D52}") = "抽象工厂设计模式", "抽象工厂设计模式\抽象工厂设计模式.pyproj", "{8A817612-3252-4EBE-A122-238AEB693A6E}"
EndProject
Global
	GlobalSection(SolutionConfigurationPlatforms) = preSolution
		Debug|Any CPU = Debug|Any CPU
		Release|Any CPU = Release|Any CPU
	EndGlobalSection
	GlobalSection(ProjectConfigurationPlatforms) = postSolution
		{8A817612-3252-4EBE-A122-238AEB693A6E}.Debug|Any CPU.ActiveCfg = Debug|Any CPU
		{8A817612-3252-4EBE-A122-238AEB693A6E}.Release|Any CPU.ActiveCfg = Release|Any CPU
	EndGlobalSection
	GlobalSection(SolutionProperties) = preSolution
		HideSolutionNode = FALSE
	EndGlobalSection
	GlobalSection(ExtensibilityGlobals) = postSolution
		SolutionGuid = {036D0E5A-77E1-4304-A210-96707E354831}
	EndGlobalSection
EndGlobal
